
Microsoft Visual Studio Solution File, Format Version 12.00
# Visual Studio Version 17
VisualStudioVersion = 17.14.36414.22
MinimumVisualStudioVersion = 10.0.40219.1
Project("{2150E333-8FDC-42A3-9474-1A3956D46DE8}") = "Task0", "Task0", "{02EA681E-C7D8-13C7-8484-4AC65E1B71E8}"
EndProject
Project("{FAE04EC0-301F-11D3-BF4B-00C04F79EFBC}") = "Tyuiu.ChetvertnyhAI.Sprint6.Task0.V15.Lib", "Tyuiu.ChetvertnyhAI.Sprint6.Task0.V15.Lib\Tyuiu.ChetvertnyhAI.Sprint6.Task0.V15.Lib.csproj", "{4E8CC765-9C7E-407C-B1EA-1A4D5DDE8473}"
EndProject
Project("{FAE04EC0-301F-11D3-BF4B-00C04F79EFBC}") = "Tyuiu.ChetvertnyhAI.Sprint6.Task0.V15.Test", "Tyuiu.ChetvertnyhAI.Sprint6.Task0.V15.Test\Tyuiu.ChetvertnyhAI.Sprint6.Task0.V15.Test.csproj", "{EA364362-7605-4B0A-9A29-534A6BB8EE2D}"
EndProject
Project("{2150E333-8FDC-42A3-9474-1A3956D46DE8}") = "Task1", "Task1", "{579EFB3C-10CC-47BC-8B52-AA91B18300EF}"
EndProject
Project("{FAE04EC0-301F-11D3-BF4B-00C04F79EFBC}") = "Tyuiu.ChetvertnyhAI.Sprint6.Task0.V15", "Tyuiu.ChetvertnyhAI.Sprint6.Task0.V15\Tyuiu.ChetvertnyhAI.Sprint6.Task0.V15.csproj", "{5483EBFD-DE1E-4841-BBFB-7A407D8F5B26}"
EndProject
Project("{FAE04EC0-301F-11D3-BF4B-00C04F79EFBC}") = "Tyuiu.ChetvertnyhAI.Sprint6.Task1.V20.Lib", "Tyuiu.ChetvertnyhAI.Sprint6.Task1.V20.Lib\Tyuiu.ChetvertnyhAI.Sprint6.Task1.V20.Lib.csproj", "{7BFF586A-EC26-41D3-A58C-07A4DE06E0CE}"
EndProject
Project("{FAE04EC0-301F-11D3-BF4B-00C04F79EFBC}") = "Tyuiu.ChetvertnyhAI.Sprint6.Task1.V20.Test", "Tyuiu.ChetvertnyhAI.Sprint6.Task1.V20.Test\Tyuiu.ChetvertnyhAI.Sprint6.Task1.V20.Test.csproj", "{9D5549C4-64FE-4C80-8203-4963C27F13CE}"
EndProject
Project("{FAE04EC0-301F-11D3-BF4B-00C04F79EFBC}") = "Tyuiu.ChetvertnyhAI.Sprint6.Task1.V20", "Tyuiu.ChetvertnyhAI.Sprint6.Task1.V20\Tyuiu.ChetvertnyhAI.Sprint6.Task1.V20.csproj", "{BB46BD5C-D6FF-4ECE-88C4-547BA1DEA5BB}"
EndProject
Project("{2150E333-8FDC-42A3-9474-1A3956D46DE8}") = "Task2", "Task2", "{F9449702-5904-4C21-893A-398949398D92}"
EndProject
Project("{FAE04EC0-301F-11D3-BF4B-00C04F79EFBC}") = "Tyuiu.ChetvertnyhAI.Sprint6.Task2.V6.Lib", "Tyuiu.ChetvertnyhAI.Sprint6.Task2.V6.Lib\Tyuiu.ChetvertnyhAI.Sprint6.Task2.V6.Lib.csproj", "{CC5F06C0-58DA-409A-BF26-73290A5417B0}"
EndProject
Project("{FAE04EC0-301F-11D3-BF4B-00C04F79EFBC}") = "Tyuiu.ChetvertnyhAI.Sprint6.Task2.V6.Test", "Tyuiu.ChetvertnyhAI.Sprint6.Task2.V6.Test\Tyuiu.ChetvertnyhAI.Sprint6.Task2.V6.Test.csproj", "{E2E2791E-3374-4D64-A891-45BF07944579}"
EndProject
Project("{FAE04EC0-301F-11D3-BF4B-00C04F79EFBC}") = "Tyuiu.ChetvertnyhAI.Sprint6.Task2.V6", "Tyuiu.ChetvertnyhAI.Sprint6.Task2.V6\Tyuiu.ChetvertnyhAI.Sprint6.Task2.V6.csproj", "{F033D59B-7B4B-4A95-9AF8-A0C137CBFA90}"
EndProject
Project("{2150E333-8FDC-42A3-9474-1A3956D46DE8}") = "Task3", "Task3", "{AC1F99D4-4BB2-4EDB-8725-3993D1065FCC}"
EndProject
Project("{FAE04EC0-301F-11D3-BF4B-00C04F79EFBC}") = "Tyuiu.ChetvertnyhAI.Sprint6.Task3.V5", "Tyuiu.ChetvertnyhAI.Sprint6.Task3.V5\Tyuiu.ChetvertnyhAI.Sprint6.Task3.V5.csproj", "{8C61C7AE-C6AE-4CF6-BC82-857CEFFBF103}"
EndProject
Project("{FAE04EC0-301F-11D3-BF4B-00C04F79EFBC}") = "Tyuiu.ChetvertnyhAI.Sprint6.Task3.V5.Lib", "Tyuiu.ChetvertnyhAI.Sprint6.Task3.V5.Lib\Tyuiu.ChetvertnyhAI.Sprint6.Task3.V5.Lib.csproj", "{6959440F-A1CA-47BA-A7F7-7FFE1572344B}"
EndProject
Project("{FAE04EC0-301F-11D3-BF4B-00C04F79EFBC}") = "Tyuiu.ChetvertnyhAI.Sprint6.Task3.V5.Test", "Tyuiu.ChetvertnyhAI.Sprint6.Task3.V5.Test\Tyuiu.ChetvertnyhAI.Sprint6.Task3.V5.Test.csproj", "{B2BE8A5B-72B7-46E7-AAC4-95211D510A1A}"
EndProject
Global
	GlobalSection(SolutionConfigurationPlatforms) = preSolution
		Debug|Any CPU = Debug|Any CPU
		Release|Any CPU = Release|Any CPU
	EndGlobalSection
	GlobalSection(ProjectConfigurationPlatforms) = postSolution
		{4E8CC765-9C7E-407C-B1EA-1A4D5DDE8473}.Debug|Any CPU.ActiveCfg = Debug|Any CPU
		{4E8CC765-9C7E-407C-B1EA-1A4D5DDE8473}.Debug|Any CPU.Build.0 = Debug|Any CPU
		{4E8CC765-9C7E-407C-B1EA-1A4D5DDE8473}.Release|Any CPU.ActiveCfg = Release|Any CPU
		{4E8CC765-9C7E-407C-B1EA-1A4D5DDE8473}.Release|Any CPU.Build.0 = Release|Any CPU
		{EA364362-7605-4B0A-9A29-534A6BB8EE2D}.Debug|Any CPU.ActiveCfg = Debug|Any CPU
		{EA364362-7605-4B0A-9A29-534A6BB8EE2D}.Debug|Any CPU.Build.0 = Debug|Any CPU
		{EA364362-7605-4B0A-9A29-534A6BB8EE2D}.Release|Any CPU.ActiveCfg = Release|Any CPU
		{EA364362-7605-4B0A-9A29-534A6BB8EE2D}.Release|Any CPU.Build.0 = Release|Any CPU
		{5483EBFD-DE1E-4841-BBFB-7A407D8F5B26}.Debug|Any CPU.ActiveCfg = Debug|Any CPU
		{5483EBFD-DE1E-4841-BBFB-7A407D8F5B26}.Debug|Any CPU.Build.0 = Debug|Any CPU
		{5483EBFD-DE1E-4841-BBFB-7A407D8F5B26}.Release|Any CPU.ActiveCfg = Release|Any CPU
		{5483EBFD-DE1E-4841-BBFB-7A407D8F5B26}.Release|Any CPU.Build.0 = Release|Any CPU
		{7BFF586A-EC26-41D3-A58C-07A4DE06E0CE}.Debug|Any CPU.ActiveCfg = Debug|Any CPU
		{7BFF586A-EC26-41D3-A58C-07A4DE06E0CE}.Debug|Any CPU.Build.0 = Debug|Any CPU
		{7BFF586A-EC26-41D3-A58C-07A4DE06E0CE}.Release|Any CPU.ActiveCfg = Release|Any CPU
		{7BFF586A-EC26-41D3-A58C-07A4DE06E0CE}.Release|Any CPU.Build.0 = Release|Any CPU
		{9D5549C4-64FE-4C80-8203-4963C27F13CE}.Debug|Any CPU.ActiveCfg = Debug|Any CPU
		{9D5549C4-64FE-4C80-8203-4963C27F13CE}.Debug|Any CPU.Build.0 = Debug|Any CPU
		{9D5549C4-64FE-4C80-8203-4963C27F13CE}.Release|Any CPU.ActiveCfg = Release|Any CPU
		{9D5549C4-64FE-4C80-8203-4963C27F13CE}.Release|Any CPU.Build.0 = Release|Any CPU
		{BB46BD5C-D6FF-4ECE-88C4-547BA1DEA5BB}.Debug|Any CPU.ActiveCfg = Debug|Any CPU
		{BB46BD5C-D6FF-4ECE-88C4-547BA1DEA5BB}.Debug|Any CPU.Build.0 = Debug|Any CPU
		{BB46BD5C-D6FF-4ECE-88C4-547BA1DEA5BB}.Release|Any CPU.ActiveCfg = Release|Any CPU
		{BB46BD5C-D6FF-4ECE-88C4-547BA1DEA5BB}.Release|Any CPU.Build.0 = Release|Any CPU
		{CC5F06C0-58DA-409A-BF26-73290A5417B0}.Debug|Any CPU.ActiveCfg = Debug|Any CPU
		{CC5F06C0-58DA-409A-BF26-73290A5417B0}.Debug|Any CPU.Build.0 = Debug|Any CPU
		{CC5F06C0-58DA-409A-BF26-73290A5417B0}.Release|Any CPU.ActiveCfg = Release|Any CPU
		{CC5F06C0-58DA-409A-BF26-73290A5417B0}.Release|Any CPU.Build.0 = Release|Any CPU
		{E2E2791E-3374-4D64-A891-45BF07944579}.Debug|Any CPU.ActiveCfg = Debug|Any CPU
		{E2E2791E-3374-4D64-A891-45BF07944579}.Debug|Any CPU.Build.0 = Debug|Any CPU
		{E2E2791E-3374-4D64-A891-45BF07944579}.Release|Any CPU.ActiveCfg = Release|Any CPU
		{E2E2791E-3374-4D64-A891-45BF07944579}.Release|Any CPU.Build.0 = Release|Any CPU
		{F033D59B-7B4B-4A95-9AF8-A0C137CBFA90}.Debug|Any CPU.ActiveCfg = Debug|Any CPU
		{F033D59B-7B4B-4A95-9AF8-A0C137CBFA90}.Debug|Any CPU.Build.0 = Debug|Any CPU
		{F033D59B-7B4B-4A95-9AF8-A0C137CBFA90}.Release|Any CPU.ActiveCfg = Release|Any CPU
		{F033D59B-7B4B-4A95-9AF8-A0C137CBFA90}.Release|Any CPU.Build.0 = Release|Any CPU
		{8C61C7AE-C6AE-4CF6-BC82-857CEFFBF103}.Debug|Any CPU.ActiveCfg = Debug|Any CPU
		{8C61C7AE-C6AE-4CF6-BC82-857CEFFBF103}.Debug|Any CPU.Build.0 = Debug|Any CPU
		{8C61C7AE-C6AE-4CF6-BC82-857CEFFBF103}.Release|Any CPU.ActiveCfg = Release|Any CPU
		{8C61C7AE-C6AE-4CF6-BC82-857CEFFBF103}.Release|Any CPU.Build.0 = Release|Any CPU
		{6959440F-A1CA-47BA-A7F7-7FFE1572344B}.Debug|Any CPU.ActiveCfg = Debug|Any CPU
		{6959440F-A1CA-47BA-A7F7-7FFE1572344B}.Debug|Any CPU.Build.0 = Debug|Any CPU
		{6959440F-A1CA-47BA-A7F7-7FFE1572344B}.Release|Any CPU.ActiveCfg = Release|Any CPU
		{6959440F-A1CA-47BA-A7F7-7FFE1572344B}.Release|Any CPU.Build.0 = Release|Any CPU
		{B2BE8A5B-72B7-46E7-AAC4-95211D510A1A}.Debug|Any CPU.ActiveCfg = Debug|Any CPU
		{B2BE8A5B-72B7-46E7-AAC4-95211D510A1A}.Debug|Any CPU.Build.0 = Debug|Any CPU
		{B2BE8A5B-72B7-46E7-AAC4-95211D510A1A}.Release|Any CPU.ActiveCfg = Release|Any CPU
		{B2BE8A5B-72B7-46E7-AAC4-95211D510A1A}.Release|Any CPU.Build.0 = Release|Any CPU
	EndGlobalSection
	GlobalSection(SolutionProperties) = preSolution
		HideSolutionNode = FALSE
	EndGlobalSection
	GlobalSection(NestedProjects) = preSolution
		{4E8CC765-9C7E-407C-B1EA-1A4D5DDE8473} = {02EA681E-C7D8-13C7-8484-4AC65E1B71E8}
		{EA364362-7605-4B0A-9A29-534A6BB8EE2D} = {02EA681E-C7D8-13C7-8484-4AC65E1B71E8}
		{5483EBFD-DE1E-4841-BBFB-7A407D8F5B26} = {02EA681E-C7D8-13C7-8484-4AC65E1B71E8}
		{7BFF586A-EC26-41D3-A58C-07A4DE06E0CE} = {579EFB3C-10CC-47BC-8B52-AA91B18300EF}
		{9D5549C4-64FE-4C80-8203-4963C27F13CE} = {579EFB3C-10CC-47BC-8B52-AA91B18300EF}
		{BB46BD5C-D6FF-4ECE-88C4-547BA1DEA5BB} = {579EFB3C-10CC-47BC-8B52-AA91B18300EF}
		{CC5F06C0-58DA-409A-BF26-73290A5417B0} = {F9449702-5904-4C21-893A-398949398D92}
		{E2E2791E-3374-4D64-A891-45BF07944579} = {F9449702-5904-4C21-893A-398949398D92}
		{F033D59B-7B4B-4A95-9AF8-A0C137CBFA90} = {F9449702-5904-4C21-893A-398949398D92}
		{8C61C7AE-C6AE-4CF6-BC82-857CEFFBF103} = {AC1F99D4-4BB2-4EDB-8725-3993D1065FCC}
		{6959440F-A1CA-47BA-A7F7-7FFE1572344B} = {AC1F99D4-4BB2-4EDB-8725-3993D1065FCC}
		{B2BE8A5B-72B7-46E7-AAC4-95211D510A1A} = {AC1F99D4-4BB2-4EDB-8725-3993D1065FCC}
	EndGlobalSection
	GlobalSection(ExtensibilityGlobals) = postSolution
		SolutionGuid = {FE922445-AE90-4DA0-8246-D365BAB6D6F5}
	EndGlobalSection
EndGlobal
